
Microsoft Visual Studio Solution File, Format Version 12.00
Project("{FAE04EC0-301F-11D3-BF4B-00C04F79EFBC}") = "PoolScoreBoard", "PoolScoreBoard.csproj", "{4330E7FF-2C1D-4DE2-9BCA-094E856043DA}"
EndProject
Global
	GlobalSection(SolutionConfigurationPlatforms) = preSolution
		Debug|Any CPU = Debug|Any CPU
		Release|Any CPU = Release|Any CPU
	EndGlobalSection
	GlobalSection(ProjectConfigurationPlatforms) = postSolution
		{4330E7FF-2C1D-4DE2-9BCA-094E856043DA}.Debug|Any CPU.ActiveCfg = Debug|Any CPU
		{4330E7FF-2C1D-4DE2-9BCA-094E856043DA}.Debug|Any CPU.Build.0 = Debug|Any CPU
		{4330E7FF-2C1D-4DE2-9BCA-094E856043DA}.Release|Any CPU.ActiveCfg = Release|Any CPU
		{4330E7FF-2C1D-4DE2-9BCA-094E856043DA}.Release|Any CPU.Build.0 = Release|Any CPU
	EndGlobalSection
EndGlobal
